
Microsoft Visual Studio Solution File, Format Version 12.00
# Visual Studio 15
VisualStudioVersion = 15.0.28010.2036
MinimumVisualStudioVersion = 10.0.40219.1
Project("{FAE04EC0-301F-11D3-BF4B-00C04F79EFBC}") = "MevaPro", "WebApplication1\MevaPro.csproj", "{64C186A3-B7F2-4C10-8636-AF35EEE53814}"
EndProject
Global
	GlobalSection(SolutionConfigurationPlatforms) = preSolution
		Debug|Any CPU = Debug|Any CPU
		Release|Any CPU = Release|Any CPU
	EndGlobalSection
	GlobalSection(ProjectConfigurationPlatforms) = postSolution
		{64C186A3-B7F2-4C10-8636-AF35EEE53814}.Debug|Any CPU.ActiveCfg = Debug|Any CPU
		{64C186A3-B7F2-4C10-8636-AF35EEE53814}.Debug|Any CPU.Build.0 = Debug|Any CPU
		{64C186A3-B7F2-4C10-8636-AF35EEE53814}.Release|Any CPU.ActiveCfg = Release|Any CPU
		{64C186A3-B7F2-4C10-8636-AF35EEE53814}.Release|Any CPU.Build.0 = Release|Any CPU
	EndGlobalSection
	GlobalSection(SolutionProperties) = preSolution
		HideSolutionNode = FALSE
	EndGlobalSection
	GlobalSection(ExtensibilityGlobals) = postSolution
		SolutionGuid = {E16EF4AC-EB5C-492A-8380-21C79720C115}
	EndGlobalSection
EndGlobal
